Microsoft Visual Studio Solution File, Format Version 12.00
# Visual Studio Version 17
VisualStudioVersion = 17.5.2.0
MinimumVisualStudioVersion = 10.0.40219.1
Project("{FAE04EC0-301F-11D3-BF4B-00C04F79EFBC}") = "LibraryManagement.Api", "LibraryManagement.Api.csproj", "{DED90871-CBF8-4447-9DA3-960A72045B75}"
EndProject
Global
	GlobalSection(SolutionConfigurationPlatforms) = preSolution
		Debug|Any CPU = Debug|Any CPU
		Release|Any CPU = Release|Any CPU
	EndGlobalSection
	GlobalSection(ProjectConfigurationPlatforms) = postSolution
		{DED90871-CBF8-4447-9DA3-960A72045B75}.Debug|Any CPU.ActiveCfg = Debug|Any CPU
		{DED90871-CBF8-4447-9DA3-960A72045B75}.Debug|Any CPU.Build.0 = Debug|Any CPU
		{DED90871-CBF8-4447-9DA3-960A72045B75}.Release|Any CPU.ActiveCfg = Release|Any CPU
		{DED90871-CBF8-4447-9DA3-960A72045B75}.Release|Any CPU.Build.0 = Release|Any CPU
	EndGlobalSection
	GlobalSection(SolutionProperties) = preSolution
		HideSolutionNode = FALSE
	EndGlobalSection
	GlobalSection(ExtensibilityGlobals) = postSolution
		SolutionGuid = {4394E533-8B4D-4264-8A89-66ACB9DA3013}
	EndGlobalSection
EndGlobal
